
Microsoft Visual Studio Solution File, Format Version 12.00
# Visual Studio Version 17
VisualStudioVersion = 17.12.35707.178
MinimumVisualStudioVersion = 10.0.40219.1
Project("{FAE04EC0-301F-11D3-BF4B-00C04F79EFBC}") = "AsyncProcessor", "AsyncProcessor\AsyncProcessor.csproj", "{AF6801B4-E2CE-46BE-B16B-3988D54A0BB0}"
EndProject
Project("{FAE04EC0-301F-11D3-BF4B-00C04F79EFBC}") = "AsyncProcessor.Tests", "AsyncProcessor.Tests\AsyncProcessor.Tests.csproj", "{462A61B1-5AC5-4E80-B714-9621F2A16408}"
EndProject
Global
	GlobalSection(SolutionConfigurationPlatforms) = preSolution
		Debug|Any CPU = Debug|Any CPU
		Release|Any CPU = Release|Any CPU
	EndGlobalSection
	GlobalSection(ProjectConfigurationPlatforms) = postSolution
		{AF6801B4-E2CE-46BE-B16B-3988D54A0BB0}.Debug|Any CPU.ActiveCfg = Debug|Any CPU
		{AF6801B4-E2CE-46BE-B16B-3988D54A0BB0}.Debug|Any CPU.Build.0 = Debug|Any CPU
		{AF6801B4-E2CE-46BE-B16B-3988D54A0BB0}.Release|Any CPU.ActiveCfg = Release|Any CPU
		{AF6801B4-E2CE-46BE-B16B-3988D54A0BB0}.Release|Any CPU.Build.0 = Release|Any CPU
		{462A61B1-5AC5-4E80-B714-9621F2A16408}.Debug|Any CPU.ActiveCfg = Debug|Any CPU
		{462A61B1-5AC5-4E80-B714-9621F2A16408}.Debug|Any CPU.Build.0 = Debug|Any CPU
		{462A61B1-5AC5-4E80-B714-9621F2A16408}.Release|Any CPU.ActiveCfg = Release|Any CPU
		{462A61B1-5AC5-4E80-B714-9621F2A16408}.Release|Any CPU.Build.0 = Release|Any CPU
	EndGlobalSection
	GlobalSection(SolutionProperties) = preSolution
		HideSolutionNode = FALSE
	EndGlobalSection
EndGlobal
